
Microsoft Visual Studio Solution File, Format Version 11.00
# Visual Studio 2010
Project("{8BC9CEB8-8B4A-11D0-8D11-00A0C91BC942}") = "ida_depack_aplib", "ida_depack_aplib\ida_depack_aplib.vcxproj", "{D1E01CC4-7979-4CF3-BC3C-41CAACBA7CF8}"
EndProject
Global
	GlobalSection(SolutionConfigurationPlatforms) = preSolution
		Debug|Win32 = Debug|Win32
		Release|Win32 = Release|Win32
	EndGlobalSection
	GlobalSection(ProjectConfigurationPlatforms) = postSolution
		{D1E01CC4-7979-4CF3-BC3C-41CAACBA7CF8}.Debug|Win32.ActiveCfg = Release|Win32
		{D1E01CC4-7979-4CF3-BC3C-41CAACBA7CF8}.Debug|Win32.Build.0 = Release|Win32
		{D1E01CC4-7979-4CF3-BC3C-41CAACBA7CF8}.Release|Win32.ActiveCfg = Release|Win32
		{D1E01CC4-7979-4CF3-BC3C-41CAACBA7CF8}.Release|Win32.Build.0 = Release|Win32
	EndGlobalSection
	GlobalSection(SolutionProperties) = preSolution
		HideSolutionNode = FALSE
	EndGlobalSection
EndGlobal
